
Microsoft Visual Studio Solution File, Format Version 12.00
# Visual Studio 15
VisualStudioVersion = 15.0.28307.645
MinimumVisualStudioVersion = 10.0.40219.1
Project("{9A19103F-16F7-4668-BE54-9A1E7A4F7556}") = "Alinta.Customers.API", "Alinta.Customers.API\Alinta.Customers.API.csproj", "{12662452-22B3-4267-8036-8AC401423304}"
EndProject
Project("{9A19103F-16F7-4668-BE54-9A1E7A4F7556}") = "Alinta.Customers.Data", "Alinta.Customers.Data\Alinta.Customers.Data.csproj", "{3475F3CF-CD6F-4A1C-876A-4F79A279505E}"
EndProject
Project("{FAE04EC0-301F-11D3-BF4B-00C04F79EFBC}") = "Alinta.Customers.API.Tests", "Alinta.Customers.API.Tests\Alinta.Customers.API.Tests.csproj", "{8D0BCDC3-2B28-4D20-9F9D-640D8C0EF08B}"
EndProject
Global
	GlobalSection(SolutionConfigurationPlatforms) = preSolution
		Debug|Any CPU = Debug|Any CPU
		Release|Any CPU = Release|Any CPU
	EndGlobalSection
	GlobalSection(ProjectConfigurationPlatforms) = postSolution
		{12662452-22B3-4267-8036-8AC401423304}.Debug|Any CPU.ActiveCfg = Debug|Any CPU
		{12662452-22B3-4267-8036-8AC401423304}.Debug|Any CPU.Build.0 = Debug|Any CPU
		{12662452-22B3-4267-8036-8AC401423304}.Release|Any CPU.ActiveCfg = Release|Any CPU
		{12662452-22B3-4267-8036-8AC401423304}.Release|Any CPU.Build.0 = Release|Any CPU
		{3475F3CF-CD6F-4A1C-876A-4F79A279505E}.Debug|Any CPU.ActiveCfg = Debug|Any CPU
		{3475F3CF-CD6F-4A1C-876A-4F79A279505E}.Debug|Any CPU.Build.0 = Debug|Any CPU
		{3475F3CF-CD6F-4A1C-876A-4F79A279505E}.Release|Any CPU.ActiveCfg = Release|Any CPU
		{3475F3CF-CD6F-4A1C-876A-4F79A279505E}.Release|Any CPU.Build.0 = Release|Any CPU
		{8D0BCDC3-2B28-4D20-9F9D-640D8C0EF08B}.Debug|Any CPU.ActiveCfg = Debug|Any CPU
		{8D0BCDC3-2B28-4D20-9F9D-640D8C0EF08B}.Debug|Any CPU.Build.0 = Debug|Any CPU
		{8D0BCDC3-2B28-4D20-9F9D-640D8C0EF08B}.Release|Any CPU.ActiveCfg = Release|Any CPU
		{8D0BCDC3-2B28-4D20-9F9D-640D8C0EF08B}.Release|Any CPU.Build.0 = Release|Any CPU
	EndGlobalSection
	GlobalSection(SolutionProperties) = preSolution
		HideSolutionNode = FALSE
	EndGlobalSection
	GlobalSection(ExtensibilityGlobals) = postSolution
		SolutionGuid = {C545DB9A-A986-46A5-8966-83D1547E75D0}
	EndGlobalSection
EndGlobal
